
Microsoft Visual Studio Solution File, Format Version 12.00
# Visual Studio 15
VisualStudioVersion = 15.0.27703.2018
MinimumVisualStudioVersion = 10.0.40219.1
Project("{00D1A9C2-B5F0-4AF3-8072-F6C62B433612}") = "FusionOne.Database", "FusionOne.Database\FusionOne.Database.sqlproj", "{CBE0143E-B8F8-42C1-AEFA-B43435B2B5C1}"
EndProject
Global
	GlobalSection(SolutionConfigurationPlatforms) = preSolution
		Debug|Any CPU = Debug|Any CPU
		Release|Any CPU = Release|Any CPU
	EndGlobalSection
	GlobalSection(ProjectConfigurationPlatforms) = postSolution
		{CBE0143E-B8F8-42C1-AEFA-B43435B2B5C1}.Debug|Any CPU.ActiveCfg = Debug|Any CPU
		{CBE0143E-B8F8-42C1-AEFA-B43435B2B5C1}.Debug|Any CPU.Build.0 = Debug|Any CPU
		{CBE0143E-B8F8-42C1-AEFA-B43435B2B5C1}.Debug|Any CPU.Deploy.0 = Debug|Any CPU
		{CBE0143E-B8F8-42C1-AEFA-B43435B2B5C1}.Release|Any CPU.ActiveCfg = Release|Any CPU
		{CBE0143E-B8F8-42C1-AEFA-B43435B2B5C1}.Release|Any CPU.Build.0 = Release|Any CPU
		{CBE0143E-B8F8-42C1-AEFA-B43435B2B5C1}.Release|Any CPU.Deploy.0 = Release|Any CPU
	EndGlobalSection
	GlobalSection(SolutionProperties) = preSolution
		HideSolutionNode = FALSE
	EndGlobalSection
	GlobalSection(ExtensibilityGlobals) = postSolution
		SolutionGuid = {8DD9D532-7644-4E99-929F-CA05A0427A41}
	EndGlobalSection
EndGlobal
